{
  "name": "aframe-hello-world-boilerplate",
  "version": "0.3.0",
  "lockfileVersion": 1,
  "requires": true,
  "dependencies": {
    "aframe-href-component": {
      "version": "0.5.1",
      "resolved": "https://registry.npmjs.org/aframe-href-component/-/aframe-href-component-0.5.1.tgz",
      "integrity": "sha1-PNRqo0CJ9VFUaJEXjjPEe0JltqU="
    },
    "altspace": {
      "version": "2.6.1",
      "resolved": "https://registry.npmjs.org/altspace/-/altspace-2.6.1.tgz",
      "integrity": "sha1-Ed6DjCYPWqjVqY/GIlG/ZThtH7k="
    },
    "embed-js": {
      "version": "4.2.3",
      "resolved": "https://registry.npmjs.org/embed-js/-/embed-js-4.2.3.tgz",
      "integrity": "sha1-E/pVWo2pgsFN4Nm75sgwW8G+8LI=",
      "requires": {
        "unfetch": "2.1.2"
      }
    },
    "unfetch": {
      "version": "2.1.2",
      "resolved": "https://registry.npmjs.org/unfetch/-/unfetch-2.1.2.tgz",
      "integrity": "sha1-aE/uTYrNsTW9smwDZMZC/DJsqVs="
    }
  }
}
